// !$*UTF8*$!
{
	archiveVersion = 1;
	classes = {
	};
	objectVersion = 56;
	objects = {

/* Begin PBXBuildFile section */
		9EC7A66F2A6A23E100DBC356 /* FieldMateApp.swift in Sources */ = {isa = PBXBuildFile; fileRef = 9EC7A66E2A6A23E100DBC356 /* FieldMateApp.swift */; };
		9EC7A6712A6A23E100DBC356 /* ContentView.swift in Sources */ = {isa = PBXBuildFile; fileRef = 9EC7A6702A6A23E100DBC356 /* ContentView.swift */; };
		9EC7A6732A6A23E200DBC356 /* Assets.xcassets in Resources */ = {isa = PBXBuildFile; fileRef = 9EC7A6722A6A23E200DBC356 /* Assets.xcassets */; };
		9EC7A6762A6A23E200DBC356 /* Preview Assets.xcassets in Resources */ = {isa = PBXBuildFile; fileRef = 9EC7A6752A6A23E200DBC356 /* Preview Assets.xcassets */; };
		9EC7A6802A6A23E200DBC356 /* FieldMateTests.swift in Sources */ = {isa = PBXBuildFile; fileRef = 9EC7A67F2A6A23E200DBC356 /* FieldMateTests.swift */; };
		9EC7A68A2A6A23E200DBC356 /* FieldMateUITests.swift in Sources */ = {isa = PBXBuildFile; fileRef = 9EC7A6892A6A23E200DBC356 /* FieldMateUITests.swift */; };
		9EC7A68C2A6A23E200DBC356 /* FieldMateUITestsLaunchTests.swift in Sources */ = {isa = PBXBuildFile; fileRef = 9EC7A68B2A6A23E200DBC356 /* FieldMateUITestsLaunchTests.swift */; };
/* End PBXBuildFile section */

/* Begin PBXContainerItemProxy section */
		9EC7A67C2A6A23E200DBC356 /* PBXContainerItemProxy */ = {
			isa = PBXContainerItemProxy;
			containerPortal = 9EC7A6632A6A23E100DBC356 /* Project object */;
			proxyType = 1;
			remoteGlobalIDString = 9EC7A66A2A6A23E100DBC356;
			remoteInfo = FieldMate;
		};
		9EC7A6862A6A23E200DBC356 /* PBXContainerItemProxy */ = {
			isa = PBXContainerItemProxy;
			containerPortal = 9EC7A6632A6A23E100DBC356 /* Project object */;
			proxyType = 1;
			remoteGlobalIDString = 9EC7A66A2A6A23E100DBC356;
			remoteInfo = FieldMate;
		};
/* End PBXContainerItemProxy section */

/* Begin PBXFileReference section */
		9EC7A66B2A6A23E100DBC356 /* FieldMate.app */ = {isa = PBXFileReference; explicitFileType = wrapper.application; includeInIndex = 0; path = FieldMate.app; sourceTree = BUILT_PRODUCTS_DIR; };
		9EC7A66E2A6A23E100DBC356 /* FieldMateApp.swift */ = {isa = PBXFileReference; lastKnownFileType = sourcecode.swift; path = FieldMateApp.swift; sourceTree = "<group>"; };
		9EC7A6702A6A23E100DBC356 /* ContentView.swift */ = {isa = PBXFileReference; lastKnownFileType = sourcecode.swift; path = ContentView.swift; sourceTree = "<group>"; };
		9EC7A6722A6A23E200DBC356 /* Assets.xcassets */ = {isa = PBXFileReference; lastKnownFileType = folder.assetcatalog; path = Assets.xcassets; sourceTree = "<group>"; };
		9EC7A6752A6A23E200DBC356 /* Preview Assets.xcassets */ = {isa = PBXFileReference; lastKnownFileType = folder.assetcatalog; path = "Preview Assets.xcassets"; sourceTree = "<group>"; };
		9EC7A67B2A6A23E200DBC356 /* FieldMateTests.xctest */ = {isa = PBXFileReference; explicitFileType = wrapper.cfbundle; includeInIndex = 0; path = FieldMateTests.xctest; sourceTree = BUILT_PRODUCTS_DIR; };
		9EC7A67F2A6A23E200DBC356 /* FieldMateTests.swift */ = {isa = PBXFileReference; lastKnownFileType = sourcecode.swift; path = FieldMateTests.swift; sourceTree = "<group>"; };
		9EC7A6852A6A23E200DBC356 /* FieldMateUITests.xctest */ = {isa = PBXFileReference; explicitFileType = wrapper.cfbundle; includeInIndex = 0; path = FieldMateUITests.xctest; sourceTree = BUILT_PRODUCTS_DIR; };
		9EC7A6892A6A23E200DBC356 /* FieldMateUITests.swift */ = {isa = PBXFileReference; lastKnownFileType = sourcecode.swift; path = FieldMateUITests.swift; sourceTree = "<group>"; };
		9EC7A68B2A6A23E200DBC356 /* FieldMateUITestsLaunchTests.swift */ = {isa = PBXFileReference; lastKnownFileType = sourcecode.swift; path = FieldMateUITestsLaunchTests.swift; sourceTree = "<group>"; };
/* End PBXFileReference section */

/* Begin PBXFrameworksBuildPhase section */
		9EC7A6682A6A23E100DBC356 /* Frameworks */ = {
			isa = PBXFrameworksBuildPhase;
			buildActionMask = 2147483647;
			files = (
			);
			runOnlyForDeploymentPostprocessing = 0;
		};
		9EC7A6782A6A23E200DBC356 /* Frameworks */ = {
			isa = PBXFrameworksBuildPhase;
			buildActionMask = 2147483647;
			files = (
			);
			runOnlyForDeploymentPostprocessing = 0;
		};
		9EC7A6822A6A23E200DBC356 /* Frameworks */ = {
			isa = PBXFrameworksBuildPhase;
			buildActionMask = 2147483647;
			files = (
			);
			runOnlyForDeploymentPostprocessing = 0;
		};
/* End PBXFrameworksBuildPhase section */

/* Begin PBXGroup section */
		9EC7A6622A6A23E100DBC356 = {
			isa = PBXGroup;
			children = (
				9EC7A66D2A6A23E100DBC356 /* FieldMate */,
				9EC7A67E2A6A23E200DBC356 /* FieldMateTests */,
				9EC7A6882A6A23E200DBC356 /* FieldMateUITests */,
				9EC7A66C2A6A23E100DBC356 /* Products */,
			);
			sourceTree = "<group>";
		};
		9EC7A66C2A6A23E100DBC356 /* Products */ = {
			isa = PBXGroup;
			children = (
				9EC7A66B2A6A23E100DBC356 /* FieldMate.app */,
				9EC7A67B2A6A23E200DBC356 /* FieldMateTests.xctest */,
				9EC7A6852A6A23E200DBC356 /* FieldMateUITests.xctest */,
			);
			name = Products;
			sourceTree = "<group>";
		};
		9EC7A66D2A6A23E100DBC356 /* FieldMate */ = {
			isa = PBXGroup;
			children = (
				9EC7A66E2A6A23E100DBC356 /* FieldMateApp.swift */,
				9EC7A6702A6A23E100DBC356 /* ContentView.swift */,
				9EC7A6722A6A23E200DBC356 /* Assets.xcassets */,
				9EC7A6742A6A23E200DBC356 /* Preview Content */,
			);
			path = FieldMate;
			sourceTree = "<group>";
		};
		9EC7A6742A6A23E200DBC356 /* Preview Content */ = {
			isa = PBXGroup;
			children = (
				9EC7A6752A6A23E200DBC356 /* Preview Assets.xcassets */,
			);
			path = "Preview Content";
			sourceTree = "<group>";
		};
		9EC7A67E2A6A23E200DBC356 /* FieldMateTests */ = {
			isa = PBXGroup;
			children = (
				9EC7A67F2A6A23E200DBC356 /* FieldMateTests.swift */,
			);
			path = FieldMateTests;
			sourceTree = "<group>";
		};
		9EC7A6882A6A23E200DBC356 /* FieldMateUITests */ = {
			isa = PBXGroup;
			children = (
				9EC7A6892A6A23E200DBC356 /* FieldMateUITests.swift */,
				9EC7A68B2A6A23E200DBC356 /* FieldMateUITestsLaunchTests.swift */,
			);
			path = FieldMateUITests;
			sourceTree = "<group>";
		};
/* End PBXGroup section */

/* Begin PBXNativeTarget section */
		9EC7A66A2A6A23E100DBC356 /* FieldMate */ = {
			isa = PBXNativeTarget;
			buildConfigurationList = 9EC7A68F2A6A23E200DBC356 /* Build configuration list for PBXNativeTarget "FieldMate" */;
			buildPhases = (
				9EC7A6672A6A23E100DBC356 /* Sources */,
				9EC7A6682A6A23E100DBC356 /* Frameworks */,
				9EC7A6692A6A23E100DBC356 /* Resources */,
			);
			buildRules = (
			);
			dependencies = (
			);
			name = FieldMate;
			productName = FieldMate;
			productReference = 9EC7A66B2A6A23E100DBC356 /* FieldMate.app */;
			productType = "com.apple.product-type.application";
		};
		9EC7A67A2A6A23E200DBC356 /* FieldMateTests */ = {
			isa = PBXNativeTarget;
			buildConfigurationList = 9EC7A6922A6A23E200DBC356 /* Build configuration list for PBXNativeTarget "FieldMateTests" */;
			buildPhases = (
				9EC7A6772A6A23E200DBC356 /* Sources */,
				9EC7A6782A6A23E200DBC356 /* Frameworks */,
				9EC7A6792A6A23E200DBC356 /* Resources */,
			);
			buildRules = (
			);
			dependencies = (
				9EC7A67D2A6A23E200DBC356 /* PBXTargetDependency */,
			);
			name = FieldMateTests;
			productName = FieldMateTests;
			productReference = 9EC7A67B2A6A23E200DBC356 /* FieldMateTests.xctest */;
			productType = "com.apple.product-type.bundle.unit-test";
		};
		9EC7A6842A6A23E200DBC356 /* FieldMateUITests */ = {
			isa = PBXNativeTarget;
			buildConfigurationList = 9EC7A6952A6A23E200DBC356 /* Build configuration list for PBXNativeTarget "FieldMateUITests" */;
			buildPhases = (
				9EC7A6812A6A23E200DBC356 /* Sources */,
				9EC7A6822A6A23E200DBC356 /* Frameworks */,
				9EC7A6832A6A23E200DBC356 /* Resources */,
			);
			buildRules = (
			);
			dependencies = (
				9EC7A6872A6A23E200DBC356 /* PBXTargetDependency */,
			);
			name = FieldMateUITests;
			productName = FieldMateUITests;
			productReference = 9EC7A6852A6A23E200DBC356 /* FieldMateUITests.xctest */;
			productType = "com.apple.product-type.bundle.ui-testing";
		};
/* End PBXNativeTarget section */

/* Begin PBXProject section */
		9EC7A6632A6A23E100DBC356 /* Project object */ = {
			isa = PBXProject;
			attributes = {
				BuildIndependentTargetsInParallel = 1;
				LastSwiftUpdateCheck = 1430;
				LastUpgradeCheck = 1430;
				TargetAttributes = {
					9EC7A66A2A6A23E100DBC356 = {
						CreatedOnToolsVersion = 14.3.1;
					};
					9EC7A67A2A6A23E200DBC356 = {
						CreatedOnToolsVersion = 14.3.1;
						TestTargetID = 9EC7A66A2A6A23E100DBC356;
					};
					9EC7A6842A6A23E200DBC356 = {
						CreatedOnToolsVersion = 14.3.1;
						TestTargetID = 9EC7A66A2A6A23E100DBC356;
					};
				};
			};
			buildConfigurationList = 9EC7A6662A6A23E100DBC356 /* Build configuration list for PBXProject "FieldMate" */;
			compatibilityVersion = "Xcode 14.0";
			developmentRegion = en;
			hasScannedForEncodings = 0;
			knownRegions = (
				en,
				Base,
			);
			mainGroup = 9EC7A6622A6A23E100DBC356;
			productRefGroup = 9EC7A66C2A6A23E100DBC356 /* Products */;
			projectDirPath = "";
			projectRoot = "";
			targets = (
				9EC7A66A2A6A23E100DBC356 /* FieldMate */,
				9EC7A67A2A6A23E200DBC356 /* FieldMateTests */,
				9EC7A6842A6A23E200DBC356 /* FieldMateUITests */,
			);
		};
/* End PBXProject section */

/* Begin PBXResourcesBuildPhase section */
		9EC7A6692A6A23E100DBC356 /* Resources */ = {
			isa = PBXResourcesBuildPhase;
			buildActionMask = 2147483647;
			files = (
				9EC7A6762A6A23E200DBC356 /* Preview Assets.xcassets in Resources */,
				9EC7A6732A6A23E200DBC356 /* Assets.xcassets in Resources */,
			);
			runOnlyForDeploymentPostprocessing = 0;
		};
		9EC7A6792A6A23E200DBC356 /* Resources */ = {
			isa = PBXResourcesBuildPhase;
			buildActionMask = 2147483647;
			files = (
			);
			runOnlyForDeploymentPostprocessing = 0;
		};
		9EC7A6832A6A23E200DBC356 /* Resources */ = {
			isa = PBXResourcesBuildPhase;
			buildActionMask = 2147483647;
			files = (
			);
			runOnlyForDeploymentPostprocessing = 0;
		};
/* End PBXResourcesBuildPhase section */

/* Begin PBXSourcesBuildPhase section */
		9EC7A6672A6A23E100DBC356 /* Sources */ = {
			isa = PBXSourcesBuildPhase;
			buildActionMask = 2147483647;
			files = (
				9EC7A6712A6A23E100DBC356 /* ContentView.swift in Sources */,
				9EC7A66F2A6A23E100DBC356 /* FieldMateApp.swift in Sources */,
			);
			runOnlyForDeploymentPostprocessing = 0;
		};
		9EC7A6772A6A23E200DBC356 /* Sources */ = {
			isa = PBXSourcesBuildPhase;
			buildActionMask = 2147483647;
			files = (
				9EC7A6802A6A23E200DBC356 /* FieldMateTests.swift in Sources */,
			);
			runOnlyForDeploymentPostprocessing = 0;
		};
		9EC7A6812A6A23E200DBC356 /* Sources */ = {
			isa = PBXSourcesBuildPhase;
			buildActionMask = 2147483647;
			files = (
				9EC7A68C2A6A23E200DBC356 /* FieldMateUITestsLaunchTests.swift in Sources */,
				9EC7A68A2A6A23E200DBC356 /* FieldMateUITests.swift in Sources */,
			);
			runOnlyForDeploymentPostprocessing = 0;
		};
/* End PBXSourcesBuildPhase section */

/* Begin PBXTargetDependency section */
		9EC7A67D2A6A23E200DBC356 /* PBXTargetDependency */ = {
			isa = PBXTargetDependency;
			target = 9EC7A66A2A6A23E100DBC356 /* FieldMate */;
			targetProxy = 9EC7A67C2A6A23E200DBC356 /* PBXContainerItemProxy */;
		};
		9EC7A6872A6A23E200DBC356 /* PBXTargetDependency */ = {
			isa = PBXTargetDependency;
			target = 9EC7A66A2A6A23E100DBC356 /* FieldMate */;
			targetProxy = 9EC7A6862A6A23E200DBC356 /* PBXContainerItemProxy */;
		};
/* End PBXTargetDependency section */

/* Begin XCBuildConfiguration section */
		9EC7A68D2A6A23E200DBC356 /* Debug */ = {
			isa = XCBuildConfiguration;
			buildSettings = {
				ALWAYS_SEARCH_USER_PATHS = NO;
				CLANG_ANALYZER_NONNULL = YES;
				CLANG_ANALYZER_NUMBER_OBJECT_CONVERSION = YES_AGGRESSIVE;
				CLANG_CXX_LANGUAGE_STANDARD = "gnu++20";
				CLANG_ENABLE_MODULES = YES;
				CLANG_ENABLE_OBJC_ARC = YES;
				CLANG_ENABLE_OBJC_WEAK = YES;
				CLANG_WARN_BLOCK_CAPTURE_AUTORELEASING = YES;
				CLANG_WARN_BOOL_CONVERSION = YES;
				CLANG_WARN_COMMA = YES;
				CLANG_WARN_CONSTANT_CONVERSION = YES;
				CLANG_WARN_DEPRECATED_OBJC_IMPLEMENTATIONS = YES;
				CLANG_WARN_DIRECT_OBJC_ISA_USAGE = YES_ERROR;
				CLANG_WARN_DOCUMENTATION_COMMENTS = YES;
				CLANG_WARN_EMPTY_BODY = YES;
				CLANG_WARN_ENUM_CONVERSION = YES;
				CLANG_WARN_INFINITE_RECURSION = YES;
				CLANG_WARN_INT_CONVERSION = YES;
				CLANG_WARN_NON_LITERAL_NULL_CONVERSION = YES;
				CLANG_WARN_OBJC_IMPLICIT_RETAIN_SELF = YES;
				CLANG_WARN_OBJC_LITERAL_CONVERSION = YES;
				CLANG_WARN_OBJC_ROOT_CLASS = YES_ERROR;
				CLANG_WARN_QUOTED_INCLUDE_IN_FRAMEWORK_HEADER = YES;
				CLANG_WARN_RANGE_LOOP_ANALYSIS = YES;
				CLANG_WARN_STRICT_PROTOTYPES = YES;
				CLANG_WARN_SUSPICIOUS_MOVE = YES;
				CLANG_WARN_UNGUARDED_AVAILABILITY = YES_AGGRESSIVE;
				CLANG_WARN_UNREACHABLE_CODE = YES;
				CLANG_WARN__DUPLICATE_METHOD_MATCH = YES;
				COPY_PHASE_STRIP = NO;
				DEBUG_INFORMATION_FORMAT = dwarf;
				ENABLE_STRICT_OBJC_MSGSEND = YES;
				ENABLE_TESTABILITY = YES;
				GCC_C_LANGUAGE_STANDARD = gnu11;
				GCC_DYNAMIC_NO_PIC = NO;
				GCC_NO_COMMON_BLOCKS = YES;
				GCC_OPTIMIZATION_LEVEL = 0;
				GCC_PREPROCESSOR_DEFINITIONS = (
					"DEBUG=1",
					"$(inherited)",
				);
				GCC_WARN_64_TO_32_BIT_CONVERSION = YES;
				GCC_WARN_ABOUT_RETURN_TYPE = YES_ERROR;
				GCC_WARN_UNDECLARED_SELECTOR = YES;
				GCC_WARN_UNINITIALIZED_AUTOS = YES_AGGRESSIVE;
				GCC_WARN_UNUSED_FUNCTION = YES;
				GCC_WARN_UNUSED_VARIABLE = YES;
				IPHONEOS_DEPLOYMENT_TARGET = 16.4;
				MTL_ENABLE_DEBUG_INFO = INCLUDE_SOURCE;
				MTL_FAST_MATH = YES;
				ONLY_ACTIVE_ARCH = YES;
				SDKROOT = iphoneos;
				SWIFT_ACTIVE_COMPILATION_CONDITIONS = DEBUG;
				SWIFT_OPTIMIZATION_LEVEL = "-Onone";
			};
			name = Debug;
		};
		9EC7A68E2A6A23E200DBC356 /* Release */ = {
			isa = XCBuildConfiguration;
			buildSettings = {
				ALWAYS_SEARCH_USER_PATHS = NO;
				CLANG_ANALYZER_NONNULL = YES;
				CLANG_ANALYZER_NUMBER_OBJECT_CONVERSION = YES_AGGRESSIVE;
				CLANG_CXX_LANGUAGE_STANDARD = "gnu++20";
				CLANG_ENABLE_MODULES = YES;
				CLANG_ENABLE_OBJC_ARC = YES;
				CLANG_ENABLE_OBJC_WEAK = YES;
				CLANG_WARN_BLOCK_CAPTURE_AUTORELEASING = YES;
				CLANG_WARN_BOOL_CONVERSION = YES;
				CLANG_WARN_COMMA = YES;
				CLANG_WARN_CONSTANT_CONVERSION = YES;
				CLANG_WARN_DEPRECATED_OBJC_IMPLEMENTATIONS = YES;
				CLANG_WARN_DIRECT_OBJC_ISA_USAGE = YES_ERROR;
				CLANG_WARN_DOCUMENTATION_COMMENTS = YES;
				CLANG_WARN_EMPTY_BODY = YES;
				CLANG_WARN_ENUM_CONVERSION = YES;
				CLANG_WARN_INFINITE_RECURSION = YES;
				CLANG_WARN_INT_CONVERSION = YES;
				CLANG_WARN_NON_LITERAL_NULL_CONVERSION = YES;
				CLANG_WARN_OBJC_IMPLICIT_RETAIN_SELF = YES;
				CLANG_WARN_OBJC_LITERAL_CONVERSION = YES;
				CLANG_WARN_OBJC_ROOT_CLASS = YES_ERROR;
				CLANG_WARN_QUOTED_INCLUDE_IN_FRAMEWORK_HEADER = YES;
				CLANG_WARN_RANGE_LOOP_ANALYSIS = YES;
				CLANG_WARN_STRICT_PROTOTYPES = YES;
				CLANG_WARN_SUSPICIOUS_MOVE = YES;
				CLANG_WARN_UNGUARDED_AVAILABILITY = YES_AGGRESSIVE;
				CLANG_WARN_UNREACHABLE_CODE = YES;
				CLANG_WARN__DUPLICATE_METHOD_MATCH = YES;
				COPY_PHASE_STRIP = NO;
				DEBUG_INFORMATION_FORMAT = "dwarf-with-dsym";
				ENABLE_NS_ASSERTIONS = NO;
				ENABLE_STRICT_OBJC_MSGSEND = YES;
				GCC_C_LANGUAGE_STANDARD = gnu11;
				GCC_NO_COMMON_BLOCKS = YES;
				GCC_WARN_64_TO_32_BIT_CONVERSION = YES;
				GCC_WARN_ABOUT_RETURN_TYPE = YES_ERROR;
				GCC_WARN_UNDECLARED_SELECTOR = YES;
				GCC_WARN_UNINITIALIZED_AUTOS = YES_AGGRESSIVE;
				GCC_WARN_UNUSED_FUNCTION = YES;
				GCC_WARN_UNUSED_VARIABLE = YES;
				IPHONEOS_DEPLOYMENT_TARGET = 16.4;
				MTL_ENABLE_DEBUG_INFO = NO;
				MTL_FAST_MATH = YES;
				SDKROOT = iphoneos;
				SWIFT_COMPILATION_MODE = wholemodule;
				SWIFT_OPTIMIZATION_LEVEL = "-O";
				VALIDATE_PRODUCT = YES;
			};
			name = Release;
		};
		9EC7A6902A6A23E200DBC356 /* Debug */ = {
			isa = XCBuildConfiguration;
			buildSettings = {
				ASSETCATALOG_COMPILER_APPICON_NAME = AppIcon;
				ASSETCATALOG_COMPILER_GLOBAL_ACCENT_COLOR_NAME = AccentColor;
				CODE_SIGN_STYLE = Automatic;
				CURRENT_PROJECT_VERSION = 1;
				DEVELOPMENT_ASSET_PATHS = "\"FieldMate/Preview Content\"";
				ENABLE_PREVIEWS = YES;
				GENERATE_INFOPLIST_FILE = YES;
				INFOPLIST_KEY_UIApplicationSceneManifest_Generation = YES;
				INFOPLIST_KEY_UIApplicationSupportsIndirectInputEvents = YES;
				INFOPLIST_KEY_UILaunchScreen_Generation = YES;
				INFOPLIST_KEY_UISupportedInterfaceOrientations_iPad = "UIInterfaceOrientationPortrait UIInterfaceOrientationPortraitUpsideDown UIInterfaceOrientationLandscapeLeft UIInterfaceOrientationLandscapeRight";
				INFOPLIST_KEY_UISupportedInterfaceOrientations_iPhone = "UIInterfaceOrientationPortrait UIInterfaceOrientationLandscapeLeft UIInterfaceOrientationLandscapeRight";
				LD_RUNPATH_SEARCH_PATHS = (
					"$(inherited)",
					"@executable_path/Frameworks",
				);
				MARKETING_VERSION = 1.0;
				PRODUCT_BUNDLE_IDENTIFIER = TN.FieldMate;
				PRODUCT_NAME = "$(TARGET_NAME)";
				SWIFT_EMIT_LOC_STRINGS = YES;
				SWIFT_VERSION = 5.0;
				TARGETED_DEVICE_FAMILY = "1,2";
			};
			name = Debug;
		};
		9EC7A6912A6A23E200DBC356 /* Release */ = {
			isa = XCBuildConfiguration;
			buildSettings = {
				ASSETCATALOG_COMPILER_APPICON_NAME = AppIcon;
				ASSETCATALOG_COMPILER_GLOBAL_ACCENT_COLOR_NAME = AccentColor;
				CODE_SIGN_STYLE = Automatic;
				CURRENT_PROJECT_VERSION = 1;
				DEVELOPMENT_ASSET_PATHS = "\"FieldMate/Preview Content\"";
				ENABLE_PREVIEWS = YES;
				GENERATE_INFOPLIST_FILE = YES;
				INFOPLIST_KEY_UIApplicationSceneManifest_Generation = YES;
				INFOPLIST_KEY_UIApplicationSupportsIndirectInputEvents = YES;
				INFOPLIST_KEY_UILaunchScreen_Generation = YES;
				INFOPLIST_KEY_UISupportedInterfaceOrientations_iPad = "UIInterfaceOrientationPortrait UIInterfaceOrientationPortraitUpsideDown UIInterfaceOrientationLandscapeLeft UIInterfaceOrientationLandscapeRight";
				INFOPLIST_KEY_UISupportedInterfaceOrientations_iPhone = "UIInterfaceOrientationPortrait UIInterfaceOrientationLandscapeLeft UIInterfaceOrientationLandscapeRight";
				LD_RUNPATH_SEARCH_PATHS = (
					"$(inherited)",
					"@executable_path/Frameworks",
				);
				MARKETING_VERSION = 1.0;
				PRODUCT_BUNDLE_IDENTIFIER = TN.FieldMate;
				PRODUCT_NAME = "$(TARGET_NAME)";
				SWIFT_EMIT_LOC_STRINGS = YES;
				SWIFT_VERSION = 5.0;
				TARGETED_DEVICE_FAMILY = "1,2";
			};
			name = Release;
		};
		9EC7A6932A6A23E200DBC356 /* Debug */ = {
			isa = XCBuildConfiguration;
			buildSettings = {
				ALWAYS_EMBED_SWIFT_STANDARD_LIBRARIES = YES;
				BUNDLE_LOADER = "$(TEST_HOST)";
				CODE_SIGN_STYLE = Automatic;
				CURRENT_PROJECT_VERSION = 1;
				GENERATE_INFOPLIST_FILE = YES;
				IPHONEOS_DEPLOYMENT_TARGET = 16.4;
				MARKETING_VERSION = 1.0;
				PRODUCT_BUNDLE_IDENTIFIER = TN.FieldMateTests;
				PRODUCT_NAME = "$(TARGET_NAME)";
				SWIFT_EMIT_LOC_STRINGS = NO;
				SWIFT_VERSION = 5.0;
				TARGETED_DEVICE_FAMILY = "1,2";
				TEST_HOST = "$(BUILT_PRODUCTS_DIR)/FieldMate.app/$(BUNDLE_EXECUTABLE_FOLDER_PATH)/FieldMate";
			};
			name = Debug;
		};
		9EC7A6942A6A23E200DBC356 /* Release */ = {
			isa = XCBuildConfiguration;
			buildSettings = {
				ALWAYS_EMBED_SWIFT_STANDARD_LIBRARIES = YES;
				BUNDLE_LOADER = "$(TEST_HOST)";
				CODE_SIGN_STYLE = Automatic;
				CURRENT_PROJECT_VERSION = 1;
				GENERATE_INFOPLIST_FILE = YES;
				IPHONEOS_DEPLOYMENT_TARGET = 16.4;
				MARKETING_VERSION = 1.0;
				PRODUCT_BUNDLE_IDENTIFIER = TN.FieldMateTests;
				PRODUCT_NAME = "$(TARGET_NAME)";
				SWIFT_EMIT_LOC_STRINGS = NO;
				SWIFT_VERSION = 5.0;
				TARGETED_DEVICE_FAMILY = "1,2";
				TEST_HOST = "$(BUILT_PRODUCTS_DIR)/FieldMate.app/$(BUNDLE_EXECUTABLE_FOLDER_PATH)/FieldMate";
			};
			name = Release;
		};
		9EC7A6962A6A23E200DBC356 /* Debug */ = {
			isa = XCBuildConfiguration;
			buildSettings = {
				ALWAYS_EMBED_SWIFT_STANDARD_LIBRARIES = YES;
				CODE_SIGN_STYLE = Automatic;
				CURRENT_PROJECT_VERSION = 1;
				GENERATE_INFOPLIST_FILE = YES;
				MARKETING_VERSION = 1.0;
				PRODUCT_BUNDLE_IDENTIFIER = TN.FieldMateUITests;
				PRODUCT_NAME = "$(TARGET_NAME)";
				SWIFT_EMIT_LOC_STRINGS = NO;
				SWIFT_VERSION = 5.0;
				TARGETED_DEVICE_FAMILY = "1,2";
				TEST_TARGET_NAME = FieldMate;
			};
			name = Debug;
		};
		9EC7A6972A6A23E200DBC356 /* Release */ = {
			isa = XCBuildConfiguration;
			buildSettings = {
				ALWAYS_EMBED_SWIFT_STANDARD_LIBRARIES = YES;
				CODE_SIGN_STYLE = Automatic;
				CURRENT_PROJECT_VERSION = 1;
				GENERATE_INFOPLIST_FILE = YES;
				MARKETING_VERSION = 1.0;
				PRODUCT_BUNDLE_IDENTIFIER = TN.FieldMateUITests;
				PRODUCT_NAME = "$(TARGET_NAME)";
				SWIFT_EMIT_LOC_STRINGS = NO;
				SWIFT_VERSION = 5.0;
				TARGETED_DEVICE_FAMILY = "1,2";
				TEST_TARGET_NAME = FieldMate;
			};
			name = Release;
		};
/* End XCBuildConfiguration section */

/* Begin XCConfigurationList section */
		9EC7A6662A6A23E100DBC356 /* Build configuration list for PBXProject "FieldMate" */ = {
			isa = XCConfigurationList;
			buildConfigurations = (
				9EC7A68D2A6A23E200DBC356 /* Debug */,
				9EC7A68E2A6A23E200DBC356 /* Release */,
			);
			defaultConfigurationIsVisible = 0;
			defaultConfigurationName = Release;
		};
		9EC7A68F2A6A23E200DBC356 /* Build configuration list for PBXNativeTarget "FieldMate" */ = {
			isa = XCConfigurationList;
			buildConfigurations = (
				9EC7A6902A6A23E200DBC356 /* Debug */,
				9EC7A6912A6A23E200DBC356 /* Release */,
			);
			defaultConfigurationIsVisible = 0;
			defaultConfigurationName = Release;
		};
		9EC7A6922A6A23E200DBC356 /* Build configuration list for PBXNativeTarget "FieldMateTests" */ = {
			isa = XCConfigurationList;
			buildConfigurations = (
				9EC7A6932A6A23E200DBC356 /* Debug */,
				9EC7A6942A6A23E200DBC356 /* Release */,
			);
			defaultConfigurationIsVisible = 0;
			defaultConfigurationName = Release;
		};
		9EC7A6952A6A23E200DBC356 /* Build configuration list for PBXNativeTarget "FieldMateUITests" */ = {
			isa = XCConfigurationList;
			buildConfigurations = (
				9EC7A6962A6A23E200DBC356 /* Debug */,
				9EC7A6972A6A23E200DBC356 /* Release */,
			);
			defaultConfigurationIsVisible = 0;
			defaultConfigurationName = Release;
		};
/* End XCConfigurationList section */
	};
	rootObject = 9EC7A6632A6A23E100DBC356 /* Project object */;
}
